
Microsoft Visual Studio Solution File, Format Version 12.00
# Visual Studio 15
VisualStudioVersion = 15.0.28010.2003
MinimumVisualStudioVersion = 10.0.40219.1
Project("{FAE04EC0-301F-11D3-BF4B-00C04F79EFBC}") = "Lektion4", "Lektion4\Lektion4.csproj", "{0CC33FAF-63B8-47AB-9F8E-8F349115C9B4}"
EndProject
Project("{FAE04EC0-301F-11D3-BF4B-00C04F79EFBC}") = "Lektion1", "Lektion1\Lektion1.csproj", "{36700918-7822-40DB-A53A-6D3EFD1D6261}"
EndProject
Project("{FAE04EC0-301F-11D3-BF4B-00C04F79EFBC}") = "Lektion2", "Lektion2\Lektion2.csproj", "{CC23CC32-C395-4699-A31A-7B7B438C4AB9}"
EndProject
Project("{FAE04EC0-301F-11D3-BF4B-00C04F79EFBC}") = "Lektion3", "Lektion3\Lektion3.csproj", "{74BFE608-0A5E-4612-8DCB-1F26DC77E4D5}"
EndProject
Project("{FAE04EC0-301F-11D3-BF4B-00C04F79EFBC}") = "Inlämningsuppgift1", "Inlämningsuppgift1\Inlämningsuppgift1.csproj", "{C9EC17BA-3569-4818-8659-F2FE040A6FBA}"
EndProject
Project("{FAE04EC0-301F-11D3-BF4B-00C04F79EFBC}") = "Lektion5", "Lektion5\Lektion5.csproj", "{44591BD4-1CE7-40DD-8103-84F9AE40E16C}"
EndProject
Project("{FAE04EC0-301F-11D3-BF4B-00C04F79EFBC}") = "Lektion6", "Lektion6\Lektion6.csproj", "{C529954A-7EBB-4F51-8F49-46E25925723F}"
EndProject
Global
	GlobalSection(SolutionConfigurationPlatforms) = preSolution
		Debug|Any CPU = Debug|Any CPU
		Release|Any CPU = Release|Any CPU
	EndGlobalSection
	GlobalSection(ProjectConfigurationPlatforms) = postSolution
		{0CC33FAF-63B8-47AB-9F8E-8F349115C9B4}.Debug|Any CPU.ActiveCfg = Debug|Any CPU
		{0CC33FAF-63B8-47AB-9F8E-8F349115C9B4}.Debug|Any CPU.Build.0 = Debug|Any CPU
		{0CC33FAF-63B8-47AB-9F8E-8F349115C9B4}.Release|Any CPU.ActiveCfg = Release|Any CPU
		{0CC33FAF-63B8-47AB-9F8E-8F349115C9B4}.Release|Any CPU.Build.0 = Release|Any CPU
		{36700918-7822-40DB-A53A-6D3EFD1D6261}.Debug|Any CPU.ActiveCfg = Debug|Any CPU
		{36700918-7822-40DB-A53A-6D3EFD1D6261}.Debug|Any CPU.Build.0 = Debug|Any CPU
		{36700918-7822-40DB-A53A-6D3EFD1D6261}.Release|Any CPU.ActiveCfg = Release|Any CPU
		{36700918-7822-40DB-A53A-6D3EFD1D6261}.Release|Any CPU.Build.0 = Release|Any CPU
		{CC23CC32-C395-4699-A31A-7B7B438C4AB9}.Debug|Any CPU.ActiveCfg = Debug|Any CPU
		{CC23CC32-C395-4699-A31A-7B7B438C4AB9}.Debug|Any CPU.Build.0 = Debug|Any CPU
		{CC23CC32-C395-4699-A31A-7B7B438C4AB9}.Release|Any CPU.ActiveCfg = Release|Any CPU
		{CC23CC32-C395-4699-A31A-7B7B438C4AB9}.Release|Any CPU.Build.0 = Release|Any CPU
		{74BFE608-0A5E-4612-8DCB-1F26DC77E4D5}.Debug|Any CPU.ActiveCfg = Debug|Any CPU
		{74BFE608-0A5E-4612-8DCB-1F26DC77E4D5}.Debug|Any CPU.Build.0 = Debug|Any CPU
		{74BFE608-0A5E-4612-8DCB-1F26DC77E4D5}.Release|Any CPU.ActiveCfg = Release|Any CPU
		{74BFE608-0A5E-4612-8DCB-1F26DC77E4D5}.Release|Any CPU.Build.0 = Release|Any CPU
		{C9EC17BA-3569-4818-8659-F2FE040A6FBA}.Debug|Any CPU.ActiveCfg = Debug|Any CPU
		{C9EC17BA-3569-4818-8659-F2FE040A6FBA}.Debug|Any CPU.Build.0 = Debug|Any CPU
		{C9EC17BA-3569-4818-8659-F2FE040A6FBA}.Release|Any CPU.ActiveCfg = Release|Any CPU
		{C9EC17BA-3569-4818-8659-F2FE040A6FBA}.Release|Any CPU.Build.0 = Release|Any CPU
		{44591BD4-1CE7-40DD-8103-84F9AE40E16C}.Debug|Any CPU.ActiveCfg = Debug|Any CPU
		{44591BD4-1CE7-40DD-8103-84F9AE40E16C}.Debug|Any CPU.Build.0 = Debug|Any CPU
		{44591BD4-1CE7-40DD-8103-84F9AE40E16C}.Release|Any CPU.ActiveCfg = Release|Any CPU
		{44591BD4-1CE7-40DD-8103-84F9AE40E16C}.Release|Any CPU.Build.0 = Release|Any CPU
		{C529954A-7EBB-4F51-8F49-46E25925723F}.Debug|Any CPU.ActiveCfg = Debug|Any CPU
		{C529954A-7EBB-4F51-8F49-46E25925723F}.Debug|Any CPU.Build.0 = Debug|Any CPU
		{C529954A-7EBB-4F51-8F49-46E25925723F}.Release|Any CPU.ActiveCfg = Release|Any CPU
		{C529954A-7EBB-4F51-8F49-46E25925723F}.Release|Any CPU.Build.0 = Release|Any CPU
	EndGlobalSection
	GlobalSection(SolutionProperties) = preSolution
		HideSolutionNode = FALSE
	EndGlobalSection
	GlobalSection(ExtensibilityGlobals) = postSolution
		SolutionGuid = {0C344DA2-D203-4321-BAD0-A134774403B8}
	EndGlobalSection
EndGlobal
